lockfileVersion: '9.0'

settings:
  autoInstallPeers: true
  excludeLinksFromLockfile: false

overrides:
  '@deepseek-ai/cosmokit': 1.8.5

importers:

  .:
    dependencies:
      '@deepseek-ai/schemastery':
        specifier: 3.18.4
        version: 3.18.4
    devDependencies:
      '@deepseek-ai/cordis':
        specifier: 4.0.4
        version: 4.0.4
      '@deepseek-ai/dsh-credentials':
        specifier: 0.1.7-rc.1
        version: 0.1.7-rc.1(@deepseek-ai/cordis@4.0.4)(@deepseek-ai/dsh-invariants@0.1.7-rc.1(@deepseek-ai/cordis@4.0.4))
      '@deepseek-ai/dsh-launch-environment':
        specifier: 0.1.7-rc.1
        version: 0.1.7-rc.1(@deepseek-ai/cordis@4.0.4)
      '@deepseek-ai/dsh-llm':
        specifier: 0.1.7-rc.1
        version: 0.1.7-rc.1(@deepseek-ai/cordis@4.0.4)
      '@deepseek-ai/dsh-web':
        specifier: 0.1.7-rc.1
        version: 0.1.7-rc.1(@deepseek-ai/cordis@4.0.4)(@deepseek-ai/dsh-llm@0.1.7-rc.1(@deepseek-ai/cordis@4.0.4))
      '@types/js-yaml':
        specifier: ^4.0.9
        version: 4.0.9
      '@types/node':
        specifier: ^22.20.2
        version: 22.20.2
      js-yaml:
        specifier: 4.3.2
        version: 4.3.2
      typescript:
        specifier: 5.8.3
        version: 5.8.3

packages:

  '@deepseek-ai/cordis@4.0.4':
    resolution: {integrity: sha512-obgyxqWAmFn3Re8kvsuUnyW+ihrz6eJCnJO4fh1cQzDtmPYz/zzVeUkH9R94I0OwSVOocK67Kgakm04j/oQXzg==}
    hasBin: true
    peerDependencies:
      '@deepseek-ai/cordis-plugin-include': ~1.0.9
      '@deepseek-ai/cordis-plugin-loader': ~1.0.5
    peerDependenciesMeta:
      '@deepseek-ai/cordis-plugin-include':
        optional: true
      '@deepseek-ai/cordis-plugin-loader':
        optional: true

  '@deepseek-ai/cosmokit@1.8.5':
    resolution: {integrity: sha512-LXsrlem9z8dq4sLflj2yuCuYX7KqhdzF5hZly3eZyuTo8d6oDSOXuEgC5DbQWKW+lksm6zmOutQLsP/ma6wR6A==}

  '@deepseek-ai/dsh-brand@0.1.7-rc.1':
    resolution: {integrity: sha512-KvfCuVAiosEyqb37LbGwi2Li90VZXcIDaqM+CxV9qNoyQmGezh8UjFkNQENieT2hPzfQ4CiADbA3vJeLpeQm/g==}
    peerDependencies:
      '@deepseek-ai/cordis': ~4.0.4

  '@deepseek-ai/dsh-credentials@0.1.7-rc.1':
    resolution: {integrity: sha512-A/lh8+0qmUBeV9ECDB3XJf745Ve3ZdqTc2frIjuw6J0bhp2vAeT9RXFDI7pSlLUZdhczVJiK1DIUNLsUPlhQ1g==}
    peerDependencies:
      '@deepseek-ai/cordis': ~4.0.4
      '@deepseek-ai/dsh-invariants': 0.1.7-rc.1

  '@deepseek-ai/dsh-invariants@0.1.7-rc.1':
    resolution: {integrity: sha512-YpV5n0THgTw98raUaqblDYNWxraX5A7oxOIHcr8w8eJyWE+XEJLePITeAwxZfwD+ElonZIvijZbk2twqFANNhg==}
    peerDependencies:
      '@deepseek-ai/cordis': ~4.0.4

  '@deepseek-ai/dsh-launch-environment@0.1.7-rc.1':
    resolution: {integrity: sha512-oliqXik7P8a2kp3Sf5zA/c9IVLt6EPJU5/0z1OUicTKmv4jB3Xz2xMfW6iZTyzU1/IUznckCVS0mUg5YqwQGpA==}
    peerDependencies:
      '@deepseek-ai/cordis': ~4.0.4

  '@deepseek-ai/dsh-llm@0.1.7-rc.1':
    resolution: {integrity: sha512-anh5XNpkjIUdcx1blVX75FILXjl1qRPslHOaneUoBNGlm52gwbgM50qw4YH1gaFpMNLmg+l0TJnvUcgaIGPbzg==}
    peerDependencies:
      '@deepseek-ai/cordis': ~4.0.4

  '@deepseek-ai/dsh-timeout@0.1.7-rc.1':
    resolution: {integrity: sha512-gIwkv++KmjsVoaAiI4p42YbJKR65Lh/mfTfrjOpB+mon79R4EUaPytamsWf0zw0Bt5zQ6qeIfCif1xeFHjdGJw==}
    peerDependencies:
      '@deepseek-ai/cordis': ~4.0.4

  '@deepseek-ai/dsh-typert-protocol@0.1.7-rc.1':
    resolution: {integrity: sha512-DOJiFdvHl1RoJHO7C6XymZUqVZwZiF7JL1PS+AEtQWg6nsYXvlkF1VLbwzPxMW470RzzimGLCz7boOxx086dLA==}
    peerDependencies:
      '@deepseek-ai/cordis': ~4.0.4

  '@deepseek-ai/dsh-util-crypto@0.1.7-rc.1':
    resolution: {integrity: sha512-jzJFXwDMAQQQcticHErnVEcINCq9P9XSHgZ7VHE4xv6huqXLiRnLN1KWDD96s/vKf9lfrXF3HJr/xNZxyvbcIg==}
    peerDependencies:
      '@deepseek-ai/cordis': ~4.0.4

  '@deepseek-ai/dsh-util-values@0.1.7-rc.1':
    resolution: {integrity: sha512-PYSCI/0VxMQS8igLUrSZASuijiTwiCCfgYGn5K7pSLvs0fZn8ccX0NWYFzorPGQH3tYSFpWSHLNQeGgj14ZwDw==}
    peerDependencies:
      '@deepseek-ai/cordis': ~4.0.4

  '@deepseek-ai/dsh-web@0.1.7-rc.1':
    resolution: {integrity: sha512-T7NVP+gyzVMAC11JQuTq/6XvHSUI7oOYhy6L6vFN5+Eun2NmUuhWYdULJTNvwtOdVust/T58XiVK8Nw1Ew7Ecg==}
    peerDependencies:
      '@deepseek-ai/cordis': ~4.0.4
      '@deepseek-ai/dsh-llm': 0.1.7-rc.1

  '@deepseek-ai/schemastery@3.18.4':
    resolution: {integrity: sha512-SSXO6tYuyrIqKVbmOnIq0s+riUywYzouFMcnBluHF9n4KMo2G8HvEzhCYj6pj2617/glOjbJuVInJ9hfONsjkg==}

  '@standard-schema/spec@1.1.0':
    resolution: {integrity: sha512-l2aFy5jALhniG5HgqrD6jXLi/rUWrKvqN/qJx6yoJsgKhblVd+iqqU4RCXavm/jPityDo5TCvKMnpjKnOriy0w==}

  '@types/js-yaml@4.0.9':
    resolution: {integrity: sha512-k4MGaQl5TGo/iipqb2UDG2UwjXziSWkh0uysQelTlJpX1qGlpUZYm8PnO4DxG1qBomtJUdYJ6qR6xdIah10JLg==}

  '@types/node@22.20.2':
    resolution: {integrity: sha512-xlvWf4Vs9n1PEVYwP1n4vvG07M6y8WgvJ2t0vbrWTmijsIHp1cS+uJ2kMIRdY3nHZK0nCYKrPeD171+SzF4/zw==}

  argparse@2.0.1:
    resolution: {integrity: sha512-8+9WqebbFzpX9OR+Wa6O29asIogeRMzcGtAINdpMHHyAg10f05aSFVBbcEqGf/PXw1EjAZ+q2/bEBg3DvurK3Q==}

  js-yaml@4.3.2:
    resolution: {integrity: sha512-SFNOvSJ+Dgf/9An904Yx+CgSlIPCkIpao4qo51lpee25TIRejdH3rhR4EZMGoNx3/TP3O+wzWuiTFl4sqbltzA==}
    hasBin: true

  typescript@5.8.3:
    resolution: {integrity: sha512-p1diW6TqL9L07nNxvRMM7hMMw4c5XOo/1ibL4aAIGmSAt9slTE1Xgw5KWuof2uTOvCg9BY7ZRi+GaF+7sfgPeQ==}
    engines: {node: '>=14.17'}
    hasBin: true

  undici-types@6.21.0:
    resolution: {integrity: sha512-iwDZqg0QAGrg9Rav5H4n0M64c3mkR59cJ6wQp+7C4nI0gsmExaedaYLNO44eT4AtBBwjbTiGPMlt2Md0T9H9JQ==}

  zod@4.5.4:
    resolution: {integrity: sha512-sC95tT5iHHH9gtpj6A81kh+NEaRAUFN+qlUPDUbRfOMvNf5QCBqsb3WgvnpVtK5Y+4UfA6KqufotuTvMGiTlsA==}

snapshots:

  '@deepseek-ai/cordis@4.0.4':
    dependencies:
      '@deepseek-ai/cosmokit': 1.8.5
      '@standard-schema/spec': 1.1.0

  '@deepseek-ai/cosmokit@1.8.5': {}

  '@deepseek-ai/dsh-brand@0.1.7-rc.1(@deepseek-ai/cordis@4.0.4)':
    dependencies:
      '@deepseek-ai/cordis': 4.0.4

  '@deepseek-ai/dsh-credentials@0.1.7-rc.1(@deepseek-ai/cordis@4.0.4)(@deepseek-ai/dsh-invariants@0.1.7-rc.1(@deepseek-ai/cordis@4.0.4))':
    dependencies:
      '@deepseek-ai/cordis': 4.0.4
      '@deepseek-ai/dsh-brand': 0.1.7-rc.1(@deepseek-ai/cordis@4.0.4)
      '@deepseek-ai/dsh-invariants': 0.1.7-rc.1(@deepseek-ai/cordis@4.0.4)

  '@deepseek-ai/dsh-invariants@0.1.7-rc.1(@deepseek-ai/cordis@4.0.4)':
    dependencies:
      '@deepseek-ai/cordis': 4.0.4
      '@deepseek-ai/schemastery': 3.18.4

  '@deepseek-ai/dsh-launch-environment@0.1.7-rc.1(@deepseek-ai/cordis@4.0.4)':
    dependencies:
      '@deepseek-ai/cordis': 4.0.4

  '@deepseek-ai/dsh-llm@0.1.7-rc.1(@deepseek-ai/cordis@4.0.4)':
    dependencies:
      '@deepseek-ai/cordis': 4.0.4
      '@deepseek-ai/dsh-brand': 0.1.7-rc.1(@deepseek-ai/cordis@4.0.4)
      '@deepseek-ai/dsh-timeout': 0.1.7-rc.1(@deepseek-ai/cordis@4.0.4)
      '@deepseek-ai/dsh-typert-protocol': 0.1.7-rc.1(@deepseek-ai/cordis@4.0.4)
      '@deepseek-ai/dsh-util-crypto': 0.1.7-rc.1(@deepseek-ai/cordis@4.0.4)
      '@deepseek-ai/dsh-util-values': 0.1.7-rc.1(@deepseek-ai/cordis@4.0.4)
      '@deepseek-ai/schemastery': 3.18.4
      zod: 4.5.4

  '@deepseek-ai/dsh-timeout@0.1.7-rc.1(@deepseek-ai/cordis@4.0.4)':
    dependencies:
      '@deepseek-ai/cordis': 4.0.4

  '@deepseek-ai/dsh-typert-protocol@0.1.7-rc.1(@deepseek-ai/cordis@4.0.4)':
    dependencies:
      '@deepseek-ai/cordis': 4.0.4
      '@deepseek-ai/dsh-brand': 0.1.7-rc.1(@deepseek-ai/cordis@4.0.4)

  '@deepseek-ai/dsh-util-crypto@0.1.7-rc.1(@deepseek-ai/cordis@4.0.4)':
    dependencies:
      '@deepseek-ai/cordis': 4.0.4

  '@deepseek-ai/dsh-util-values@0.1.7-rc.1(@deepseek-ai/cordis@4.0.4)':
    dependencies:
      '@deepseek-ai/cordis': 4.0.4

  '@deepseek-ai/dsh-web@0.1.7-rc.1(@deepseek-ai/cordis@4.0.4)(@deepseek-ai/dsh-llm@0.1.7-rc.1(@deepseek-ai/cordis@4.0.4))':
    dependencies:
      '@deepseek-ai/cordis': 4.0.4
      '@deepseek-ai/dsh-llm': 0.1.7-rc.1(@deepseek-ai/cordis@4.0.4)
      '@deepseek-ai/schemastery': 3.18.4

  '@deepseek-ai/schemastery@3.18.4':
    dependencies:
      '@deepseek-ai/cosmokit': 1.8.5
      '@standard-schema/spec': 1.1.0

  '@standard-schema/spec@1.1.0': {}

  '@types/js-yaml@4.0.9': {}

  '@types/node@22.20.2':
    dependencies:
      undici-types: 6.21.0

  argparse@2.0.1: {}

  js-yaml@4.3.2:
    dependencies:
      argparse: 2.0.1

  typescript@5.8.3: {}

  undici-types@6.21.0: {}

  zod@4.5.4: {}
